
Microsoft Visual Studio Solution File, Format Version 12.00
# Visual Studio 15
VisualStudioVersion = 15.0.28307.329
MinimumVisualStudioVersion = 10.0.40219.1
Project("{FAE04EC0-301F-11D3-BF4B-00C04F79EFBC}") = "Modware", "Modware\Modware.csproj", "{BE5BB18A-FB03-4F3A-8D8D-A606DAD366C0}"
EndProject
Project("{FAE04EC0-301F-11D3-BF4B-00C04F79EFBC}") = "ModwareTests.UnitTests", "ModwareTests\ModwareTests.UnitTests.csproj", "{1511FDF7-FCE1-49B8-AD85-EE66CF040E28}"
EndProject
Global
	GlobalSection(SolutionConfigurationPlatforms) = preSolution
		Debug|Any CPU = Debug|Any CPU
		Release|Any CPU = Release|Any CPU
	EndGlobalSection
	GlobalSection(ProjectConfigurationPlatforms) = postSolution
		{BE5BB18A-FB03-4F3A-8D8D-A606DAD366C0}.Debug|Any CPU.ActiveCfg = Debug|Any CPU
		{BE5BB18A-FB03-4F3A-8D8D-A606DAD366C0}.Debug|Any CPU.Build.0 = Debug|Any CPU
		{BE5BB18A-FB03-4F3A-8D8D-A606DAD366C0}.Release|Any CPU.ActiveCfg = Release|Any CPU
		{BE5BB18A-FB03-4F3A-8D8D-A606DAD366C0}.Release|Any CPU.Build.0 = Release|Any CPU
		{1511FDF7-FCE1-49B8-AD85-EE66CF040E28}.Debug|Any CPU.ActiveCfg = Debug|Any CPU
		{1511FDF7-FCE1-49B8-AD85-EE66CF040E28}.Debug|Any CPU.Build.0 = Debug|Any CPU
		{1511FDF7-FCE1-49B8-AD85-EE66CF040E28}.Release|Any CPU.ActiveCfg = Release|Any CPU
		{1511FDF7-FCE1-49B8-AD85-EE66CF040E28}.Release|Any CPU.Build.0 = Release|Any CPU
	EndGlobalSection
	GlobalSection(SolutionProperties) = preSolution
		HideSolutionNode = FALSE
	EndGlobalSection
	GlobalSection(ExtensibilityGlobals) = postSolution
		SolutionGuid = {11FC4AF7-3050-4ADB-AD24-9D018EA99968}
	EndGlobalSection
EndGlobal
